lockfileVersion: '6.0'

settings:
  autoInstallPeers: true
  excludeLinksFromLockfile: false

devDependencies:
  '@types/k6':
    specifier: ^0.47.3
    version: 0.47.3

packages:

  /@types/k6@0.47.3:
    resolution: {integrity: sha512-5epuxqaZ6oFYMDuzIK9H7GxJfApkCPiupiF5cKTfJvetmsImP/3F2nS22DoJ7/2XoieTLSffR8yyicGco9dpMw==}
    dev: true
